
Microsoft Visual Studio Solution File, Format Version 12.00
# Visual Studio Version 17
VisualStudioVersion = 17.14.36616.10 d17.14
MinimumVisualStudioVersion = 10.0.40219.1
Project("{FAE04EC0-301F-11D3-BF4B-00C04F79EFBC}") = "Pisetskii_Poltorabatko_PrivateAdertisementService", "Pisetskii_Poltorabatko_PrivateAdertisementService.csproj", "{3238E5FD-3842-45B6-B5B4-C5E59D5F5373}"
EndProject
Global
	GlobalSection(SolutionConfigurationPlatforms) = preSolution
		Debug|Any CPU = Debug|Any CPU
		Release|Any CPU = Release|Any CPU
	EndGlobalSection
	GlobalSection(ProjectConfigurationPlatforms) = postSolution
		{3238E5FD-3842-45B6-B5B4-C5E59D5F5373}.Debug|Any CPU.ActiveCfg = Debug|Any CPU
		{3238E5FD-3842-45B6-B5B4-C5E59D5F5373}.Debug|Any CPU.Build.0 = Debug|Any CPU
		{3238E5FD-3842-45B6-B5B4-C5E59D5F5373}.Release|Any CPU.ActiveCfg = Release|Any CPU
		{3238E5FD-3842-45B6-B5B4-C5E59D5F5373}.Release|Any CPU.Build.0 = Release|Any CPU
	EndGlobalSection
	GlobalSection(SolutionProperties) = preSolution
		HideSolutionNode = FALSE
	EndGlobalSection
	GlobalSection(ExtensibilityGlobals) = postSolution
		SolutionGuid = {3640ECAE-F884-4B8E-AB18-B80C02E92C9E}
	EndGlobalSection
EndGlobal
